
Microsoft Visual Studio Solution File, Format Version 12.00
# Visual Studio 15
VisualStudioVersion = 15.0.27130.2036
MinimumVisualStudioVersion = 10.0.40219.1
Project("{FAE04EC0-301F-11D3-BF4B-00C04F79EFBC}") = "PlanoSistemas.ExpressApi.Api", "PlanoSistemas.ExpressApi.Api\PlanoSistemas.ExpressApi.Api.csproj", "{F196AC30-FCBE-423B-BA85-985DCD10F530}"
EndProject
Global
	GlobalSection(SolutionConfigurationPlatforms) = preSolution
		Debug|Any CPU = Debug|Any CPU
		Release|Any CPU = Release|Any CPU
	EndGlobalSection
	GlobalSection(ProjectConfigurationPlatforms) = postSolution
		{F196AC30-FCBE-423B-BA85-985DCD10F530}.Debug|Any CPU.ActiveCfg = Debug|Any CPU
		{F196AC30-FCBE-423B-BA85-985DCD10F530}.Debug|Any CPU.Build.0 = Debug|Any CPU
		{F196AC30-FCBE-423B-BA85-985DCD10F530}.Release|Any CPU.ActiveCfg = Release|Any CPU
		{F196AC30-FCBE-423B-BA85-985DCD10F530}.Release|Any CPU.Build.0 = Release|Any CPU
	EndGlobalSection
	GlobalSection(SolutionProperties) = preSolution
		HideSolutionNode = FALSE
	EndGlobalSection
	GlobalSection(ExtensibilityGlobals) = postSolution
		SolutionGuid = {92B5F088-C839-432C-A7A1-6534E26D672B}
	EndGlobalSection
EndGlobal
